<Solution>
  <Folder Name="/src/">
    <Project Path="src/SharpCell/SharpCell.csproj" />
    <Project Path="src/SharpCell.Xlsx/SharpCell.Xlsx.csproj" />
  </Folder>
  <Folder Name="/tools/">
    <Project Path="tools/SharpCell.Conformance/SharpCell.Conformance.csproj" />
    <Project Path="tools/SharpCell.Docs/SharpCell.Docs.csproj" />
  </Folder>
  <Folder Name="/samples/">
    <Project Path="samples/SharpCell.Sample/SharpCell.Sample.csproj" />
  </Folder>
  <Folder Name="/tests/">
    <Project Path="tests/SharpCell.AotSmoke/SharpCell.AotSmoke.csproj" />
    <Project Path="tests/SharpCell.Tests/SharpCell.Tests.csproj" />
  </Folder>
</Solution>
